// !$*UTF8*$!
{
	archiveVersion = 1;
	classes = {
	};
	objectVersion = 50;
	objects = {

/* Begin PBXBuildFile section */
		EB451BFD22D6B704005E7C26 /* AppDelegate.swift in Sources */ = {isa = PBXBuildFile; fileRef = EB451BFC22D6B704005E7C26 /* AppDelegate.swift */; };
		EB451BFF22D6B704005E7C26 /* ViewController.swift in Sources */ = {isa = PBXBuildFile; fileRef = EB451BFE22D6B704005E7C26 /* ViewController.swift */; };
		EB451C0222D6B704005E7C26 /* Main.storyboard in Resources */ = {isa = PBXBuildFile; fileRef = EB451C0022D6B704005E7C26 /* Main.storyboard */; };
		EB451C0422D6B705005E7C26 /* Assets.xcassets in Resources */ = {isa = PBXBuildFile; fileRef = EB451C0322D6B705005E7C26 /* Assets.xcassets */; };
		EB451C0722D6B705005E7C26 /* LaunchScreen.storyboard in Resources */ = {isa = PBXBuildFile; fileRef = EB451C0522D6B705005E7C26 /* LaunchScreen.storyboard */; };
		EB451C0F22D6B781005E7C26 /* .gitignore in Resources */ = {isa = PBXBuildFile; fileRef = EB451C0E22D6B781005E7C26 /* .gitignore */; };
		EB451C1422D6B8C2005E7C26 /* AccelerometerViewController.swift in Sources */ = {isa = PBXBuildFile; fileRef = EB451C1322D6B8C2005E7C26 /* AccelerometerViewController.swift */; };
		EB451C1622D6B8D4005E7C26 /* GyroscopeViewController.swift in Sources */ = {isa = PBXBuildFile; fileRef = EB451C1522D6B8D4005E7C26 /* GyroscopeViewController.swift */; };
		EB451C1A22D6B91D005E7C26 /* MagnetometerViewController.swift in Sources */ = {isa = PBXBuildFile; fileRef = EB451C1922D6B91D005E7C26 /* MagnetometerViewController.swift */; };
		EB451C1C22D6B92B005E7C26 /* PedometerViewController.swift in Sources */ = {isa = PBXBuildFile; fileRef = EB451C1B22D6B92B005E7C26 /* PedometerViewController.swift */; };
		EB451C1E22D6B93E005E7C26 /* AltimeterViewController.swift in Sources */ = {isa = PBXBuildFile; fileRef = EB451C1D22D6B93E005E7C26 /* AltimeterViewController.swift */; };
		EB451C2022D6BB8A005E7C26 /* DeviceMotionViewController.swift in Sources */ = {isa = PBXBuildFile; fileRef = EB451C1F22D6BB8A005E7C26 /* DeviceMotionViewController.swift */; };
/* End PBXBuildFile section */

/* Begin PBXFileReference section */
		EB451BF922D6B704005E7C26 /* IOSSensorCoreMotion.app */ = {isa = PBXFileReference; explicitFileType = wrapper.application; includeInIndex = 0; path = IOSSensorCoreMotion.app; sourceTree = BUILT_PRODUCTS_DIR; };
		EB451BFC22D6B704005E7C26 /* AppDelegate.swift */ = {isa = PBXFileReference; lastKnownFileType = sourcecode.swift; path = AppDelegate.swift; sourceTree = "<group>"; };
		EB451BFE22D6B704005E7C26 /* ViewController.swift */ = {isa = PBXFileReference; lastKnownFileType = sourcecode.swift; path = ViewController.swift; sourceTree = "<group>"; };
		EB451C0122D6B704005E7C26 /* Base */ = {isa = PBXFileReference; lastKnownFileType = file.storyboard; name = Base; path = Base.lproj/Main.storyboard; sourceTree = "<group>"; };
		EB451C0322D6B705005E7C26 /* Assets.xcassets */ = {isa = PBXFileReference; lastKnownFileType = folder.assetcatalog; path = Assets.xcassets; sourceTree = "<group>"; };
		EB451C0622D6B705005E7C26 /* Base */ = {isa = PBXFileReference; lastKnownFileType = file.storyboard; name = Base; path = Base.lproj/LaunchScreen.storyboard; sourceTree = "<group>"; };
		EB451C0822D6B705005E7C26 /* Info.plist */ = {isa = PBXFileReference; lastKnownFileType = text.plist.xml; path = Info.plist; sourceTree = "<group>"; };
		EB451C0E22D6B781005E7C26 /* .gitignore */ = {isa = PBXFileReference; lastKnownFileType = text; path = .gitignore; sourceTree = "<group>"; };
		EB451C1322D6B8C2005E7C26 /* AccelerometerViewController.swift */ = {isa = PBXFileReference; lastKnownFileType = sourcecode.swift; path = AccelerometerViewController.swift; sourceTree = "<group>"; };
		EB451C1522D6B8D4005E7C26 /* GyroscopeViewController.swift */ = {isa = PBXFileReference; lastKnownFileType = sourcecode.swift; path = GyroscopeViewController.swift; sourceTree = "<group>"; };
		EB451C1922D6B91D005E7C26 /* MagnetometerViewController.swift */ = {isa = PBXFileReference; lastKnownFileType = sourcecode.swift; path = MagnetometerViewController.swift; sourceTree = "<group>"; };
		EB451C1B22D6B92B005E7C26 /* PedometerViewController.swift */ = {isa = PBXFileReference; lastKnownFileType = sourcecode.swift; path = PedometerViewController.swift; sourceTree = "<group>"; };
		EB451C1D22D6B93E005E7C26 /* AltimeterViewController.swift */ = {isa = PBXFileReference; lastKnownFileType = sourcecode.swift; path = AltimeterViewController.swift; sourceTree = "<group>"; };
		EB451C1F22D6BB8A005E7C26 /* DeviceMotionViewController.swift */ = {isa = PBXFileReference; lastKnownFileType = sourcecode.swift; path = DeviceMotionViewController.swift; sourceTree = "<group>"; };
/* End PBXFileReference section */

/* Begin PBXFrameworksBuildPhase section */
		EB451BF622D6B704005E7C26 /* Frameworks */ = {
			isa = PBXFrameworksBuildPhase;
			buildActionMask = 2147483647;
			files = (
			);
			runOnlyForDeploymentPostprocessing = 0;
		};
/* End PBXFrameworksBuildPhase section */

/* Begin PBXGroup section */
		EB451BF022D6B704005E7C26 = {
			isa = PBXGroup;
			children = (
				EB451C0E22D6B781005E7C26 /* .gitignore */,
				EB451BFB22D6B704005E7C26 /* IOSSensorCoreMotion */,
				EB451BFA22D6B704005E7C26 /* Products */,
			);
			sourceTree = "<group>";
		};
		EB451BFA22D6B704005E7C26 /* Products */ = {
			isa = PBXGroup;
			children = (
				EB451BF922D6B704005E7C26 /* IOSSensorCoreMotion.app */,
			);
			name = Products;
			sourceTree = "<group>";
		};
		EB451BFB22D6B704005E7C26 /* IOSSensorCoreMotion */ = {
			isa = PBXGroup;
			children = (
				EB451C1222D6B889005E7C26 /* Controller */,
				EB451C1122D6B883005E7C26 /* View */,
				EB451C1022D6B877005E7C26 /* Model */,
				EB451BFC22D6B704005E7C26 /* AppDelegate.swift */,
				EB451C0322D6B705005E7C26 /* Assets.xcassets */,
				EB451C0522D6B705005E7C26 /* LaunchScreen.storyboard */,
				EB451C0822D6B705005E7C26 /* Info.plist */,
			);
			path = IOSSensorCoreMotion;
			sourceTree = "<group>";
		};
		EB451C1022D6B877005E7C26 /* Model */ = {
			isa = PBXGroup;
			children = (
			);
			path = Model;
			sourceTree = "<group>";
		};
		EB451C1122D6B883005E7C26 /* View */ = {
			isa = PBXGroup;
			children = (
				EB451BFE22D6B704005E7C26 /* ViewController.swift */,
				EB451C0022D6B704005E7C26 /* Main.storyboard */,
			);
			path = View;
			sourceTree = "<group>";
		};
		EB451C1222D6B889005E7C26 /* Controller */ = {
			isa = PBXGroup;
			children = (
				EB451C1322D6B8C2005E7C26 /* AccelerometerViewController.swift */,
				EB451C1522D6B8D4005E7C26 /* GyroscopeViewController.swift */,
				EB451C1922D6B91D005E7C26 /* MagnetometerViewController.swift */,
				EB451C1B22D6B92B005E7C26 /* PedometerViewController.swift */,
				EB451C1D22D6B93E005E7C26 /* AltimeterViewController.swift */,
				EB451C1F22D6BB8A005E7C26 /* DeviceMotionViewController.swift */,
			);
			path = Controller;
			sourceTree = "<group>";
		};
/* End PBXGroup section */

/* Begin PBXNativeTarget section */
		EB451BF822D6B704005E7C26 /* IOSSensorCoreMotion */ = {
			isa = PBXNativeTarget;
			buildConfigurationList = EB451C0B22D6B705005E7C26 /* Build configuration list for PBXNativeTarget "IOSSensorCoreMotion" */;
			buildPhases = (
				EB451BF522D6B704005E7C26 /* Sources */,
				EB451BF622D6B704005E7C26 /* Frameworks */,
				EB451BF722D6B704005E7C26 /* Resources */,
			);
			buildRules = (
			);
			dependencies = (
			);
			name = IOSSensorCoreMotion;
			productName = IOSSensorCoreMotion;
			productReference = EB451BF922D6B704005E7C26 /* IOSSensorCoreMotion.app */;
			productType = "com.apple.product-type.application";
		};
/* End PBXNativeTarget section */

/* Begin PBXProject section */
		EB451BF122D6B704005E7C26 /* Project object */ = {
			isa = PBXProject;
			attributes = {
				LastSwiftUpdateCheck = 1020;
				LastUpgradeCheck = 1020;
				ORGANIZATIONNAME = Fauzi;
				TargetAttributes = {
					EB451BF822D6B704005E7C26 = {
						CreatedOnToolsVersion = 10.2.1;
					};
				};
			};
			buildConfigurationList = EB451BF422D6B704005E7C26 /* Build configuration list for PBXProject "IOSSensorCoreMotion" */;
			compatibilityVersion = "Xcode 9.3";
			developmentRegion = en;
			hasScannedForEncodings = 0;
			knownRegions = (
				en,
				Base,
			);
			mainGroup = EB451BF022D6B704005E7C26;
			productRefGroup = EB451BFA22D6B704005E7C26 /* Products */;
			projectDirPath = "";
			projectRoot = "";
			targets = (
				EB451BF822D6B704005E7C26 /* IOSSensorCoreMotion */,
			);
		};
/* End PBXProject section */

/* Begin PBXResourcesBuildPhase section */
		EB451BF722D6B704005E7C26 /* Resources */ = {
			isa = PBXResourcesBuildPhase;
			buildActionMask = 2147483647;
			files = (
				EB451C0F22D6B781005E7C26 /* .gitignore in Resources */,
				EB451C0722D6B705005E7C26 /* LaunchScreen.storyboard in Resources */,
				EB451C0422D6B705005E7C26 /* Assets.xcassets in Resources */,
				EB451C0222D6B704005E7C26 /* Main.storyboard in Resources */,
			);
			runOnlyForDeploymentPostprocessing = 0;
		};
/* End PBXResourcesBuildPhase section */

/* Begin PBXSourcesBuildPhase section */
		EB451BF522D6B704005E7C26 /* Sources */ = {
			isa = PBXSourcesBuildPhase;
			buildActionMask = 2147483647;
			files = (
				EB451C2022D6BB8A005E7C26 /* DeviceMotionViewController.swift in Sources */,
				EB451C1C22D6B92B005E7C26 /* PedometerViewController.swift in Sources */,
				EB451BFF22D6B704005E7C26 /* ViewController.swift in Sources */,
				EB451C1A22D6B91D005E7C26 /* MagnetometerViewController.swift in Sources */,
				EB451C1E22D6B93E005E7C26 /* AltimeterViewController.swift in Sources */,
				EB451BFD22D6B704005E7C26 /* AppDelegate.swift in Sources */,
				EB451C1622D6B8D4005E7C26 /* GyroscopeViewController.swift in Sources */,
				EB451C1422D6B8C2005E7C26 /* AccelerometerViewController.swift in Sources */,
			);
			runOnlyForDeploymentPostprocessing = 0;
		};
/* End PBXSourcesBuildPhase section */

/* Begin PBXVariantGroup section */
		EB451C0022D6B704005E7C26 /* Main.storyboard */ = {
			isa = PBXVariantGroup;
			children = (
				EB451C0122D6B704005E7C26 /* Base */,
			);
			name = Main.storyboard;
			sourceTree = "<group>";
		};
		EB451C0522D6B705005E7C26 /* LaunchScreen.storyboard */ = {
			isa = PBXVariantGroup;
			children = (
				EB451C0622D6B705005E7C26 /* Base */,
			);
			name = LaunchScreen.storyboard;
			sourceTree = "<group>";
		};
/* End PBXVariantGroup section */

/* Begin XCBuildConfiguration section */
		EB451C0922D6B705005E7C26 /* Debug */ = {
			isa = XCBuildConfiguration;
			buildSettings = {
				ALWAYS_SEARCH_USER_PATHS = NO;
				CLANG_ANALYZER_NONNULL = YES;
				CLANG_ANALYZER_NUMBER_OBJECT_CONVERSION = YES_AGGRESSIVE;
				CLANG_CXX_LANGUAGE_STANDARD = "gnu++14";
				CLANG_CXX_LIBRARY = "libc++";
				CLANG_ENABLE_MODULES = YES;
				CLANG_ENABLE_OBJC_ARC = YES;
				CLANG_ENABLE_OBJC_WEAK = YES;
				CLANG_WARN_BLOCK_CAPTURE_AUTORELEASING = YES;
				CLANG_WARN_BOOL_CONVERSION = YES;
				CLANG_WARN_COMMA = YES;
				CLANG_WARN_CONSTANT_CONVERSION = YES;
				CLANG_WARN_DEPRECATED_OBJC_IMPLEMENTATIONS = YES;
				CLANG_WARN_DIRECT_OBJC_ISA_USAGE = YES_ERROR;
				CLANG_WARN_DOCUMENTATION_COMMENTS = YES;
				CLANG_WARN_EMPTY_BODY = YES;
				CLANG_WARN_ENUM_CONVERSION = YES;
				CLANG_WARN_INFINITE_RECURSION = YES;
				CLANG_WARN_INT_CONVERSION = YES;
				CLANG_WARN_NON_LITERAL_NULL_CONVERSION = YES;
				CLANG_WARN_OBJC_IMPLICIT_RETAIN_SELF = YES;
				CLANG_WARN_OBJC_LITERAL_CONVERSION = YES;
				CLANG_WARN_OBJC_ROOT_CLASS = YES_ERROR;
				CLANG_WARN_RANGE_LOOP_ANALYSIS = YES;
				CLANG_WARN_STRICT_PROTOTYPES = YES;
				CLANG_WARN_SUSPICIOUS_MOVE = YES;
				CLANG_WARN_UNGUARDED_AVAILABILITY = YES_AGGRESSIVE;
				CLANG_WARN_UNREACHABLE_CODE = YES;
				CLANG_WARN__DUPLICATE_METHOD_MATCH = YES;
				CODE_SIGN_IDENTITY = "iPhone Developer";
				COPY_PHASE_STRIP = NO;
				DEBUG_INFORMATION_FORMAT = dwarf;
				ENABLE_STRICT_OBJC_MSGSEND = YES;
				ENABLE_TESTABILITY = YES;
				GCC_C_LANGUAGE_STANDARD = gnu11;
				GCC_DYNAMIC_NO_PIC = NO;
				GCC_NO_COMMON_BLOCKS = YES;
				GCC_OPTIMIZATION_LEVEL = 0;
				GCC_PREPROCESSOR_DEFINITIONS = (
					"DEBUG=1",
					"$(inherited)",
				);
				GCC_WARN_64_TO_32_BIT_CONVERSION = YES;
				GCC_WARN_ABOUT_RETURN_TYPE = YES_ERROR;
				GCC_WARN_UNDECLARED_SELECTOR = YES;
				GCC_WARN_UNINITIALIZED_AUTOS = YES_AGGRESSIVE;
				GCC_WARN_UNUSED_FUNCTION = YES;
				GCC_WARN_UNUSED_VARIABLE = YES;
				IPHONEOS_DEPLOYMENT_TARGET = 12.2;
				MTL_ENABLE_DEBUG_INFO = INCLUDE_SOURCE;
				MTL_FAST_MATH = YES;
				ONLY_ACTIVE_ARCH = YES;
				SDKROOT = iphoneos;
				SWIFT_ACTIVE_COMPILATION_CONDITIONS = DEBUG;
				SWIFT_OPTIMIZATION_LEVEL = "-Onone";
			};
			name = Debug;
		};
		EB451C0A22D6B705005E7C26 /* Release */ = {
			isa = XCBuildConfiguration;
			buildSettings = {
				ALWAYS_SEARCH_USER_PATHS = NO;
				CLANG_ANALYZER_NONNULL = YES;
				CLANG_ANALYZER_NUMBER_OBJECT_CONVERSION = YES_AGGRESSIVE;
				CLANG_CXX_LANGUAGE_STANDARD = "gnu++14";
				CLANG_CXX_LIBRARY = "libc++";
				CLANG_ENABLE_MODULES = YES;
				CLANG_ENABLE_OBJC_ARC = YES;
				CLANG_ENABLE_OBJC_WEAK = YES;
				CLANG_WARN_BLOCK_CAPTURE_AUTORELEASING = YES;
				CLANG_WARN_BOOL_CONVERSION = YES;
				CLANG_WARN_COMMA = YES;
				CLANG_WARN_CONSTANT_CONVERSION = YES;
				CLANG_WARN_DEPRECATED_OBJC_IMPLEMENTATIONS = YES;
				CLANG_WARN_DIRECT_OBJC_ISA_USAGE = YES_ERROR;
				CLANG_WARN_DOCUMENTATION_COMMENTS = YES;
				CLANG_WARN_EMPTY_BODY = YES;
				CLANG_WARN_ENUM_CONVERSION = YES;
				CLANG_WARN_INFINITE_RECURSION = YES;
				CLANG_WARN_INT_CONVERSION = YES;
				CLANG_WARN_NON_LITERAL_NULL_CONVERSION = YES;
				CLANG_WARN_OBJC_IMPLICIT_RETAIN_SELF = YES;
				CLANG_WARN_OBJC_LITERAL_CONVERSION = YES;
				CLANG_WARN_OBJC_ROOT_CLASS = YES_ERROR;
				CLANG_WARN_RANGE_LOOP_ANALYSIS = YES;
				CLANG_WARN_STRICT_PROTOTYPES = YES;
				CLANG_WARN_SUSPICIOUS_MOVE = YES;
				CLANG_WARN_UNGUARDED_AVAILABILITY = YES_AGGRESSIVE;
				CLANG_WARN_UNREACHABLE_CODE = YES;
				CLANG_WARN__DUPLICATE_METHOD_MATCH = YES;
				CODE_SIGN_IDENTITY = "iPhone Developer";
				COPY_PHASE_STRIP = NO;
				DEBUG_INFORMATION_FORMAT = "dwarf-with-dsym";
				ENABLE_NS_ASSERTIONS = NO;
				ENABLE_STRICT_OBJC_MSGSEND = YES;
				GCC_C_LANGUAGE_STANDARD = gnu11;
				GCC_NO_COMMON_BLOCKS = YES;
				GCC_WARN_64_TO_32_BIT_CONVERSION = YES;
				GCC_WARN_ABOUT_RETURN_TYPE = YES_ERROR;
				GCC_WARN_UNDECLARED_SELECTOR = YES;
				GCC_WARN_UNINITIALIZED_AUTOS = YES_AGGRESSIVE;
				GCC_WARN_UNUSED_FUNCTION = YES;
				GCC_WARN_UNUSED_VARIABLE = YES;
				IPHONEOS_DEPLOYMENT_TARGET = 12.2;
				MTL_ENABLE_DEBUG_INFO = NO;
				MTL_FAST_MATH = YES;
				SDKROOT = iphoneos;
				SWIFT_COMPILATION_MODE = wholemodule;
				SWIFT_OPTIMIZATION_LEVEL = "-O";
				VALIDATE_PRODUCT = YES;
			};
			name = Release;
		};
		EB451C0C22D6B705005E7C26 /* Debug */ = {
			isa = XCBuildConfiguration;
			buildSettings = {
				ASSETCATALOG_COMPILER_APPICON_NAME = AppIcon;
				CODE_SIGN_STYLE = Automatic;
				DEVELOPMENT_TEAM = 46X9JWL5UU;
				INFOPLIST_FILE = IOSSensorCoreMotion/Info.plist;
				LD_RUNPATH_SEARCH_PATHS = (
					"$(inherited)",
					"@executable_path/Frameworks",
				);
				PRODUCT_BUNDLE_IDENTIFIER = com.fauzify.IOSSensorCoreMotion;
				PRODUCT_NAME = "$(TARGET_NAME)";
				SWIFT_VERSION = 5.0;
				TARGETED_DEVICE_FAMILY = "1,2";
			};
			name = Debug;
		};
		EB451C0D22D6B705005E7C26 /* Release */ = {
			isa = XCBuildConfiguration;
			buildSettings = {
				ASSETCATALOG_COMPILER_APPICON_NAME = AppIcon;
				CODE_SIGN_STYLE = Automatic;
				DEVELOPMENT_TEAM = 46X9JWL5UU;
				INFOPLIST_FILE = IOSSensorCoreMotion/Info.plist;
				LD_RUNPATH_SEARCH_PATHS = (
					"$(inherited)",
					"@executable_path/Frameworks",
				);
				PRODUCT_BUNDLE_IDENTIFIER = com.fauzify.IOSSensorCoreMotion;
				PRODUCT_NAME = "$(TARGET_NAME)";
				SWIFT_VERSION = 5.0;
				TARGETED_DEVICE_FAMILY = "1,2";
			};
			name = Release;
		};
/* End XCBuildConfiguration section */

/* Begin XCConfigurationList section */
		EB451BF422D6B704005E7C26 /* Build configuration list for PBXProject "IOSSensorCoreMotion" */ = {
			isa = XCConfigurationList;
			buildConfigurations = (
				EB451C0922D6B705005E7C26 /* Debug */,
				EB451C0A22D6B705005E7C26 /* Release */,
			);
			defaultConfigurationIsVisible = 0;
			defaultConfigurationName = Release;
		};
		EB451C0B22D6B705005E7C26 /* Build configuration list for PBXNativeTarget "IOSSensorCoreMotion" */ = {
			isa = XCConfigurationList;
			buildConfigurations = (
				EB451C0C22D6B705005E7C26 /* Debug */,
				EB451C0D22D6B705005E7C26 /* Release */,
			);
			defaultConfigurationIsVisible = 0;
			defaultConfigurationName = Release;
		};
/* End XCConfigurationList section */
	};
	rootObject = EB451BF122D6B704005E7C26 /* Project object */;
}
